
Microsoft Visual Studio Solution File, Format Version 12.00
# Visual Studio Version 16
VisualStudioVersion = 16.0.34301.259
MinimumVisualStudioVersion = 10.0.40219.1
Project("{FAE04EC0-301F-11D3-BF4B-00C04F79EFBC}") = "DoAnWeb", "DoAnWeb\DoAnWeb.csproj", "{C01BC954-A0EB-4FD5-AF7C-8F071F910457}"
EndProject
Global
	GlobalSection(SolutionConfigurationPlatforms) = preSolution
		Debug|Any CPU = Debug|Any CPU
		Release|Any CPU = Release|Any CPU
	EndGlobalSection
	GlobalSection(ProjectConfigurationPlatforms) = postSolution
		{C01BC954-A0EB-4FD5-AF7C-8F071F910457}.Debug|Any CPU.ActiveCfg = Debug|Any CPU
		{C01BC954-A0EB-4FD5-AF7C-8F071F910457}.Debug|Any CPU.Build.0 = Debug|Any CPU
		{C01BC954-A0EB-4FD5-AF7C-8F071F910457}.Release|Any CPU.ActiveCfg = Release|Any CPU
		{C01BC954-A0EB-4FD5-AF7C-8F071F910457}.Release|Any CPU.Build.0 = Release|Any CPU
	EndGlobalSection
	GlobalSection(SolutionProperties) = preSolution
		HideSolutionNode = FALSE
	EndGlobalSection
	GlobalSection(ExtensibilityGlobals) = postSolution
		SolutionGuid = {F213A180-54A3-4093-9CFE-2BEC9A1AA169}
	EndGlobalSection
EndGlobal
